
Microsoft Visual Studio Solution File, Format Version 12.00
# Visual Studio Version 17
VisualStudioVersion = 17.3.32922.545
MinimumVisualStudioVersion = 10.0.40219.1
Project("{888888A0-9F3D-457C-B088-3A5042F75D52}") = "MT_04", "MT_04\MT_04.pyproj", "{B7D3FB33-6B0C-4804-866E-D4865F697FBF}"
EndProject
Global
	GlobalSection(SolutionConfigurationPlatforms) = preSolution
		Debug|Any CPU = Debug|Any CPU
		Release|Any CPU = Release|Any CPU
	EndGlobalSection
	GlobalSection(ProjectConfigurationPlatforms) = postSolution
		{B7D3FB33-6B0C-4804-866E-D4865F697FBF}.Debug|Any CPU.ActiveCfg = Debug|Any CPU
		{B7D3FB33-6B0C-4804-866E-D4865F697FBF}.Release|Any CPU.ActiveCfg = Release|Any CPU
	EndGlobalSection
	GlobalSection(SolutionProperties) = preSolution
		HideSolutionNode = FALSE
	EndGlobalSection
	GlobalSection(ExtensibilityGlobals) = postSolution
		SolutionGuid = {16748623-0C3C-4DB2-A36B-B9E5AE0F37E0}
	EndGlobalSection
EndGlobal
