
Microsoft Visual Studio Solution File, Format Version 12.00
# Visual Studio Version 17
VisualStudioVersion = 17.3.32922.545
MinimumVisualStudioVersion = 10.0.40219.1
Project("{888888A0-9F3D-457C-B088-3A5042F75D52}") = "MT_cv03", "MT_cv03\MT_cv03.pyproj", "{C9C222D9-E516-4A08-BBDE-D767B2F0CB01}"
EndProject
Global
	GlobalSection(SolutionConfigurationPlatforms) = preSolution
		Debug|Any CPU = Debug|Any CPU
		Release|Any CPU = Release|Any CPU
	EndGlobalSection
	GlobalSection(ProjectConfigurationPlatforms) = postSolution
		{C9C222D9-E516-4A08-BBDE-D767B2F0CB01}.Debug|Any CPU.ActiveCfg = Debug|Any CPU
		{C9C222D9-E516-4A08-BBDE-D767B2F0CB01}.Release|Any CPU.ActiveCfg = Release|Any CPU
	EndGlobalSection
	GlobalSection(SolutionProperties) = preSolution
		HideSolutionNode = FALSE
	EndGlobalSection
	GlobalSection(ExtensibilityGlobals) = postSolution
		SolutionGuid = {B73CBD30-A3B0-4EAC-9126-054DDFAD6078}
	EndGlobalSection
EndGlobal
